
Microsoft Visual Studio Solution File, Format Version 12.00
# Visual Studio Version 16
VisualStudioVersion = 16.0.31424.327
MinimumVisualStudioVersion = 10.0.40219.1
Project("{FAE04EC0-301F-11D3-BF4B-00C04F79EFBC}") = "Skybrud.VideoPicker.TwentyThree", "Skybrud.VideoPicker.TwentyThree\Skybrud.VideoPicker.TwentyThree.csproj", "{1ABCCFC0-B3F8-42A0-84DF-25668ACCF907}"
EndProject
Project("{FAE04EC0-301F-11D3-BF4B-00C04F79EFBC}") = "Skybrud.VideoPicker.TwentyThree.Website", "Skybrud.VideoPicker.TwentyThree.Website\Skybrud.VideoPicker.TwentyThree.Website.csproj", "{A1A6224D-55ED-48D3-A539-D1A90B889ECE}"
EndProject
Global
	GlobalSection(SolutionConfigurationPlatforms) = preSolution
		Debug|Any CPU = Debug|Any CPU
		Release|Any CPU = Release|Any CPU
	EndGlobalSection
	GlobalSection(ProjectConfigurationPlatforms) = postSolution
		{1ABCCFC0-B3F8-42A0-84DF-25668ACCF907}.Debug|Any CPU.ActiveCfg = Debug|Any CPU
		{1ABCCFC0-B3F8-42A0-84DF-25668ACCF907}.Debug|Any CPU.Build.0 = Debug|Any CPU
		{1ABCCFC0-B3F8-42A0-84DF-25668ACCF907}.Release|Any CPU.ActiveCfg = Release|Any CPU
		{1ABCCFC0-B3F8-42A0-84DF-25668ACCF907}.Release|Any CPU.Build.0 = Release|Any CPU
		{A1A6224D-55ED-48D3-A539-D1A90B889ECE}.Debug|Any CPU.ActiveCfg = Debug|Any CPU
		{A1A6224D-55ED-48D3-A539-D1A90B889ECE}.Debug|Any CPU.Build.0 = Debug|Any CPU
		{A1A6224D-55ED-48D3-A539-D1A90B889ECE}.Release|Any CPU.ActiveCfg = Release|Any CPU
		{A1A6224D-55ED-48D3-A539-D1A90B889ECE}.Release|Any CPU.Build.0 = Release|Any CPU
	EndGlobalSection
	GlobalSection(SolutionProperties) = preSolution
		HideSolutionNode = FALSE
	EndGlobalSection
	GlobalSection(ExtensibilityGlobals) = postSolution
		SolutionGuid = {6B34CFDA-2354-4F78-9399-9BD149A9A13D}
	EndGlobalSection
EndGlobal
